{
  "originHash" : "af75b5a98409e3cdf0540bd8d62e30e71518556fb49ffe673163e9734fbd20a9",
  "pins" : [
    {
      "identity" : "appauth-ios",
      "kind" : "remoteSourceControl",
      "location" : "https://github.com/openid/AppAuth-iOS.git",
      "state" : {
        "revision" : "145104f5ea9d58ae21b60add007c33c1cc0c948e",
        "version" : "2.0.0"
      }
    },
    {
      "identity" : "grmustache.swift",
      "kind" : "remoteSourceControl",
      "location" : "https://github.com/groue/GRMustache.swift",
      "state" : {
        "revision" : "6e9dcfb807959e19f2915be1928aeccf01babba5",
        "version" : "4.2.0"
      }
    },
    {
      "identity" : "mobile-swift-rison",
      "kind" : "remoteSourceControl",
      "location" : "https://github.com/Geotab/mobile-swift-rison",
      "state" : {
        "revision" : "b88c3392dfb5e5d94cb9f38d3eed87d3d19dc260",
        "version" : "1.1.18181"
      }
    },
    {
      "identity" : "reachability.swift",
      "kind" : "remoteSourceControl",
      "location" : "https://github.com/ashleymills/Reachability.swift",
      "state" : {
        "revision" : "21d1dc412cfecbe6e34f1f4c4eb88d3f912654a6",
        "version" : "5.2.4"
      }
    }
  ],
  "version" : 3
}
